// !$*UTF8*$!
{
	archiveVersion = 1;
	classes = {
	};
	objectVersion = 46;
	objects = {

/* Begin PBXBuildFile section */
		E512B43F1F1B1D7400598E0C /* AppDelegate.swift in Sources */ = {isa = PBXBuildFile; fileRef = E512B43E1F1B1D7400598E0C /* AppDelegate.swift */; };
		E512B4441F1B1D7400598E0C /* Main.storyboard in Resources */ = {isa = PBXBuildFile; fileRef = E512B4421F1B1D7400598E0C /* Main.storyboard */; };
		E512B4461F1B1D7400598E0C /* Assets.xcassets in Resources */ = {isa = PBXBuildFile; fileRef = E512B4451F1B1D7400598E0C /* Assets.xcassets */; };
		E512B4491F1B1D7400598E0C /* LaunchScreen.storyboard in Resources */ = {isa = PBXBuildFile; fileRef = E512B4471F1B1D7400598E0C /* LaunchScreen.storyboard */; };
		E512B4511F1B262A00598E0C /* ItemViewController.swift in Sources */ = {isa = PBXBuildFile; fileRef = E512B4501F1B262A00598E0C /* ItemViewController.swift */; };
		E512B4551F1B280300598E0C /* Item.swift in Sources */ = {isa = PBXBuildFile; fileRef = E512B4541F1B280300598E0C /* Item.swift */; };
		E512B4571F1B3F0F00598E0C /* ItemStore.swift in Sources */ = {isa = PBXBuildFile; fileRef = E512B4561F1B3F0F00598E0C /* ItemStore.swift */; };
		E5C056B11F1C68DC0034B415 /* ItemCell.swift in Sources */ = {isa = PBXBuildFile; fileRef = E5C056B01F1C68DC0034B415 /* ItemCell.swift */; };
/* End PBXBuildFile section */

/* Begin PBXFileReference section */
		E512B43B1F1B1D7400598E0C /* Homepwner.app */ = {isa = PBXFileReference; explicitFileType = wrapper.application; includeInIndex = 0; path = Homepwner.app; sourceTree = BUILT_PRODUCTS_DIR; };
		E512B43E1F1B1D7400598E0C /* AppDelegate.swift */ = {isa = PBXFileReference; lastKnownFileType = sourcecode.swift; path = AppDelegate.swift; sourceTree = "<group>"; };
		E512B4431F1B1D7400598E0C /* Base */ = {isa = PBXFileReference; lastKnownFileType = file.storyboard; name = Base; path = Base.lproj/Main.storyboard; sourceTree = "<group>"; };
		E512B4451F1B1D7400598E0C /* Assets.xcassets */ = {isa = PBXFileReference; lastKnownFileType = folder.assetcatalog; path = Assets.xcassets; sourceTree = "<group>"; };
		E512B4481F1B1D7400598E0C /* Base */ = {isa = PBXFileReference; lastKnownFileType = file.storyboard; name = Base; path = Base.lproj/LaunchScreen.storyboard; sourceTree = "<group>"; };
		E512B44A1F1B1D7400598E0C /* Info.plist */ = {isa = PBXFileReference; lastKnownFileType = text.plist.xml; path = Info.plist; sourceTree = "<group>"; };
		E512B4501F1B262A00598E0C /* ItemViewController.swift */ = {isa = PBXFileReference; fileEncoding = 4; lastKnownFileType = sourcecode.swift; path = ItemViewController.swift; sourceTree = "<group>"; };
		E512B4541F1B280300598E0C /* Item.swift */ = {isa = PBXFileReference; fileEncoding = 4; lastKnownFileType = sourcecode.swift; path = Item.swift; sourceTree = "<group>"; };
		E512B4561F1B3F0F00598E0C /* ItemStore.swift */ = {isa = PBXFileReference; fileEncoding = 4; lastKnownFileType = sourcecode.swift; path = ItemStore.swift; sourceTree = "<group>"; };
		E5C056B01F1C68DC0034B415 /* ItemCell.swift */ = {isa = PBXFileReference; fileEncoding = 4; lastKnownFileType = sourcecode.swift; path = ItemCell.swift; sourceTree = "<group>"; };
/* End PBXFileReference section */

/* Begin PBXFrameworksBuildPhase section */
		E512B4381F1B1D7400598E0C /* Frameworks */ = {
			isa = PBXFrameworksBuildPhase;
			buildActionMask = 2147483647;
			files = (
			);
			runOnlyForDeploymentPostprocessing = 0;
		};
/* End PBXFrameworksBuildPhase section */

/* Begin PBXGroup section */
		E512B4321F1B1D7400598E0C = {
			isa = PBXGroup;
			children = (
				E512B43D1F1B1D7400598E0C /* Homepwner */,
				E512B43C1F1B1D7400598E0C /* Products */,
			);
			sourceTree = "<group>";
		};
		E512B43C1F1B1D7400598E0C /* Products */ = {
			isa = PBXGroup;
			children = (
				E512B43B1F1B1D7400598E0C /* Homepwner.app */,
			);
			name = Products;
			sourceTree = "<group>";
		};
		E512B43D1F1B1D7400598E0C /* Homepwner */ = {
			isa = PBXGroup;
			children = (
				E512B43E1F1B1D7400598E0C /* AppDelegate.swift */,
				E512B4561F1B3F0F00598E0C /* ItemStore.swift */,
				E512B4541F1B280300598E0C /* Item.swift */,
				E512B4501F1B262A00598E0C /* ItemViewController.swift */,
				E5C056B01F1C68DC0034B415 /* ItemCell.swift */,
				E512B4421F1B1D7400598E0C /* Main.storyboard */,
				E512B4451F1B1D7400598E0C /* Assets.xcassets */,
				E512B4471F1B1D7400598E0C /* LaunchScreen.storyboard */,
				E512B44A1F1B1D7400598E0C /* Info.plist */,
			);
			path = Homepwner;
			sourceTree = "<group>";
		};
/* End PBXGroup section */

/* Begin PBXNativeTarget section */
		E512B43A1F1B1D7400598E0C /* Homepwner */ = {
			isa = PBXNativeTarget;
			buildConfigurationList = E512B44D1F1B1D7400598E0C /* Build configuration list for PBXNativeTarget "Homepwner" */;
			buildPhases = (
				E512B4371F1B1D7400598E0C /* Sources */,
				E512B4381F1B1D7400598E0C /* Frameworks */,
				E512B4391F1B1D7400598E0C /* Resources */,
			);
			buildRules = (
			);
			dependencies = (
			);
			name = Homepwner;
			productName = Homepwner;
			productReference = E512B43B1F1B1D7400598E0C /* Homepwner.app */;
			productType = "com.apple.product-type.application";
		};
/* End PBXNativeTarget section */

/* Begin PBXProject section */
		E512B4331F1B1D7400598E0C /* Project object */ = {
			isa = PBXProject;
			attributes = {
				LastSwiftUpdateCheck = 0830;
				LastUpgradeCheck = 0830;
				ORGANIZATIONNAME = Nois;
				TargetAttributes = {
					E512B43A1F1B1D7400598E0C = {
						CreatedOnToolsVersion = 8.3;
						DevelopmentTeam = XMGUU4BFJG;
						ProvisioningStyle = Automatic;
					};
				};
			};
			buildConfigurationList = E512B4361F1B1D7400598E0C /* Build configuration list for PBXProject "Homepwner" */;
			compatibilityVersion = "Xcode 3.2";
			developmentRegion = English;
			hasScannedForEncodings = 0;
			knownRegions = (
				en,
				Base,
			);
			mainGroup = E512B4321F1B1D7400598E0C;
			productRefGroup = E512B43C1F1B1D7400598E0C /* Products */;
			projectDirPath = "";
			projectRoot = "";
			targets = (
				E512B43A1F1B1D7400598E0C /* Homepwner */,
			);
		};
/* End PBXProject section */

/* Begin PBXResourcesBuildPhase section */
		E512B4391F1B1D7400598E0C /* Resources */ = {
			isa = PBXResourcesBuildPhase;
			buildActionMask = 2147483647;
			files = (
				E512B4491F1B1D7400598E0C /* LaunchScreen.storyboard in Resources */,
				E512B4461F1B1D7400598E0C /* Assets.xcassets in Resources */,
				E512B4441F1B1D7400598E0C /* Main.storyboard in Resources */,
			);
			runOnlyForDeploymentPostprocessing = 0;
		};
/* End PBXResourcesBuildPhase section */

/* Begin PBXSourcesBuildPhase section */
		E512B4371F1B1D7400598E0C /* Sources */ = {
			isa = PBXSourcesBuildPhase;
			buildActionMask = 2147483647;
			files = (
				E512B43F1F1B1D7400598E0C /* AppDelegate.swift in Sources */,
				E512B4551F1B280300598E0C /* Item.swift in Sources */,
				E512B4571F1B3F0F00598E0C /* ItemStore.swift in Sources */,
				E512B4511F1B262A00598E0C /* ItemViewController.swift in Sources */,
				E5C056B11F1C68DC0034B415 /* ItemCell.swift in Sources */,
			);
			runOnlyForDeploymentPostprocessing = 0;
		};
/* End PBXSourcesBuildPhase section */

/* Begin PBXVariantGroup section */
		E512B4421F1B1D7400598E0C /* Main.storyboard */ = {
			isa = PBXVariantGroup;
			children = (
				E512B4431F1B1D7400598E0C /* Base */,
			);
			name = Main.storyboard;
			sourceTree = "<group>";
		};
		E512B4471F1B1D7400598E0C /* LaunchScreen.storyboard */ = {
			isa = PBXVariantGroup;
			children = (
				E512B4481F1B1D7400598E0C /* Base */,
			);
			name = LaunchScreen.storyboard;
			sourceTree = "<group>";
		};
/* End PBXVariantGroup section */

/* Begin XCBuildConfiguration section */
		E512B44B1F1B1D7400598E0C /* Debug */ = {
			isa = XCBuildConfiguration;
			buildSettings = {
				ALWAYS_SEARCH_USER_PATHS = NO;
				CLANG_ANALYZER_NONNULL = YES;
				CLANG_ANALYZER_NUMBER_OBJECT_CONVERSION = YES_AGGRESSIVE;
				CLANG_CXX_LANGUAGE_STANDARD = "gnu++0x";
				CLANG_CXX_LIBRARY = "libc++";
				CLANG_ENABLE_MODULES = YES;
				CLANG_ENABLE_OBJC_ARC = YES;
				CLANG_WARN_BOOL_CONVERSION = YES;
				CLANG_WARN_CONSTANT_CONVERSION = YES;
				CLANG_WARN_DIRECT_OBJC_ISA_USAGE = YES_ERROR;
				CLANG_WARN_DOCUMENTATION_COMMENTS = YES;
				CLANG_WARN_EMPTY_BODY = YES;
				CLANG_WARN_ENUM_CONVERSION = YES;
				CLANG_WARN_INFINITE_RECURSION = YES;
				CLANG_WARN_INT_CONVERSION = YES;
				CLANG_WARN_OBJC_ROOT_CLASS = YES_ERROR;
				CLANG_WARN_SUSPICIOUS_MOVE = YES;
				CLANG_WARN_UNREACHABLE_CODE = YES;
				CLANG_WARN__DUPLICATE_METHOD_MATCH = YES;
				"CODE_SIGN_IDENTITY[sdk=iphoneos*]" = "iPhone Developer";
				COPY_PHASE_STRIP = NO;
				DEBUG_INFORMATION_FORMAT = dwarf;
				ENABLE_STRICT_OBJC_MSGSEND = YES;
				ENABLE_TESTABILITY = YES;
				GCC_C_LANGUAGE_STANDARD = gnu99;
				GCC_DYNAMIC_NO_PIC = NO;
				GCC_NO_COMMON_BLOCKS = YES;
				GCC_OPTIMIZATION_LEVEL = 0;
				GCC_PREPROCESSOR_DEFINITIONS = (
					"DEBUG=1",
					"$(inherited)",
				);
				GCC_WARN_64_TO_32_BIT_CONVERSION = YES;
				GCC_WARN_ABOUT_RETURN_TYPE = YES_ERROR;
				GCC_WARN_UNDECLARED_SELECTOR = YES;
				GCC_WARN_UNINITIALIZED_AUTOS = YES_AGGRESSIVE;
				GCC_WARN_UNUSED_FUNCTION = YES;
				GCC_WARN_UNUSED_VARIABLE = YES;
				IPHONEOS_DEPLOYMENT_TARGET = 10.3;
				MTL_ENABLE_DEBUG_INFO = YES;
				ONLY_ACTIVE_ARCH = YES;
				SDKROOT = iphoneos;
				SWIFT_ACTIVE_COMPILATION_CONDITIONS = DEBUG;
				SWIFT_OPTIMIZATION_LEVEL = "-Onone";
			};
			name = Debug;
		};
		E512B44C1F1B1D7400598E0C /* Release */ = {
			isa = XCBuildConfiguration;
			buildSettings = {
				ALWAYS_SEARCH_USER_PATHS = NO;
				CLANG_ANALYZER_NONNULL = YES;
				CLANG_ANALYZER_NUMBER_OBJECT_CONVERSION = YES_AGGRESSIVE;
				CLANG_CXX_LANGUAGE_STANDARD = "gnu++0x";
				CLANG_CXX_LIBRARY = "libc++";
				CLANG_ENABLE_MODULES = YES;
				CLANG_ENABLE_OBJC_ARC = YES;
				CLANG_WARN_BOOL_CONVERSION = YES;
				CLANG_WARN_CONSTANT_CONVERSION = YES;
				CLANG_WARN_DIRECT_OBJC_ISA_USAGE = YES_ERROR;
				CLANG_WARN_DOCUMENTATION_COMMENTS = YES;
				CLANG_WARN_EMPTY_BODY = YES;
				CLANG_WARN_ENUM_CONVERSION = YES;
				CLANG_WARN_INFINITE_RECURSION = YES;
				CLANG_WARN_INT_CONVERSION = YES;
				CLANG_WARN_OBJC_ROOT_CLASS = YES_ERROR;
				CLANG_WARN_SUSPICIOUS_MOVE = YES;
				CLANG_WARN_UNREACHABLE_CODE = YES;
				CLANG_WARN__DUPLICATE_METHOD_MATCH = YES;
				"CODE_SIGN_IDENTITY[sdk=iphoneos*]" = "iPhone Developer";
				COPY_PHASE_STRIP = NO;
				DEBUG_INFORMATION_FORMAT = "dwarf-with-dsym";
				ENABLE_NS_ASSERTIONS = NO;
				ENABLE_STRICT_OBJC_MSGSEND = YES;
				GCC_C_LANGUAGE_STANDARD = gnu99;
				GCC_NO_COMMON_BLOCKS = YES;
				GCC_WARN_64_TO_32_BIT_CONVERSION = YES;
				GCC_WARN_ABOUT_RETURN_TYPE = YES_ERROR;
				GCC_WARN_UNDECLARED_SELECTOR = YES;
				GCC_WARN_UNINITIALIZED_AUTOS = YES_AGGRESSIVE;
				GCC_WARN_UNUSED_FUNCTION = YES;
				GCC_WARN_UNUSED_VARIABLE = YES;
				IPHONEOS_DEPLOYMENT_TARGET = 10.3;
				MTL_ENABLE_DEBUG_INFO = NO;
				SDKROOT = iphoneos;
				SWIFT_OPTIMIZATION_LEVEL = "-Owholemodule";
				VALIDATE_PRODUCT = YES;
			};
			name = Release;
		};
		E512B44E1F1B1D7400598E0C /* Debug */ = {
			isa = XCBuildConfiguration;
			buildSettings = {
				ASSETCATALOG_COMPILER_APPICON_NAME = AppIcon;
				DEVELOPMENT_TEAM = XMGUU4BFJG;
				INFOPLIST_FILE = Homepwner/Info.plist;
				LD_RUNPATH_SEARCH_PATHS = "$(inherited) @executable_path/Frameworks";
				PRODUCT_BUNDLE_IDENTIFIER = kr.nois.Homepwner;
				PRODUCT_NAME = "$(TARGET_NAME)";
				SWIFT_VERSION = 3.0;
			};
			name = Debug;
		};
		E512B44F1F1B1D7400598E0C /* Release */ = {
			isa = XCBuildConfiguration;
			buildSettings = {
				ASSETCATALOG_COMPILER_APPICON_NAME = AppIcon;
				DEVELOPMENT_TEAM = XMGUU4BFJG;
				INFOPLIST_FILE = Homepwner/Info.plist;
				LD_RUNPATH_SEARCH_PATHS = "$(inherited) @executable_path/Frameworks";
				PRODUCT_BUNDLE_IDENTIFIER = kr.nois.Homepwner;
				PRODUCT_NAME = "$(TARGET_NAME)";
				SWIFT_VERSION = 3.0;
			};
			name = Release;
		};
/* End XCBuildConfiguration section */

/* Begin XCConfigurationList section */
		E512B4361F1B1D7400598E0C /* Build configuration list for PBXProject "Homepwner" */ = {
			isa = XCConfigurationList;
			buildConfigurations = (
				E512B44B1F1B1D7400598E0C /* Debug */,
				E512B44C1F1B1D7400598E0C /* Release */,
			);
			defaultConfigurationIsVisible = 0;
			defaultConfigurationName = Release;
		};
		E512B44D1F1B1D7400598E0C /* Build configuration list for PBXNativeTarget "Homepwner" */ = {
			isa = XCConfigurationList;
			buildConfigurations = (
				E512B44E1F1B1D7400598E0C /* Debug */,
				E512B44F1F1B1D7400598E0C /* Release */,
			);
			defaultConfigurationIsVisible = 0;
			defaultConfigurationName = Release;
		};
/* End XCConfigurationList section */
	};
	rootObject = E512B4331F1B1D7400598E0C /* Project object */;
}
